
Microsoft Visual Studio Solution File, Format Version 12.00
# Visual Studio Version 17
VisualStudioVersion = 17.11.35327.3
MinimumVisualStudioVersion = 10.0.40219.1
Project("{FAE04EC0-301F-11D3-BF4B-00C04F79EFBC}") = "PRG281_Project", "PRG281_Project\PRG281_Project.csproj", "{1DC8B316-4F6D-4280-ACDD-58E99D025651}"
EndProject
Global
	GlobalSection(SolutionConfigurationPlatforms) = preSolution
		Debug|Any CPU = Debug|Any CPU
		Release|Any CPU = Release|Any CPU
	EndGlobalSection
	GlobalSection(ProjectConfigurationPlatforms) = postSolution
		{1DC8B316-4F6D-4280-ACDD-58E99D025651}.Debug|Any CPU.ActiveCfg = Debug|Any CPU
		{1DC8B316-4F6D-4280-ACDD-58E99D025651}.Debug|Any CPU.Build.0 = Debug|Any CPU
		{1DC8B316-4F6D-4280-ACDD-58E99D025651}.Release|Any CPU.ActiveCfg = Release|Any CPU
		{1DC8B316-4F6D-4280-ACDD-58E99D025651}.Release|Any CPU.Build.0 = Release|Any CPU
	EndGlobalSection
	GlobalSection(SolutionProperties) = preSolution
		HideSolutionNode = FALSE
	EndGlobalSection
	GlobalSection(ExtensibilityGlobals) = postSolution
		SolutionGuid = {B21DD23D-A02C-4941-9C5A-D78A96FDCE9F}
	EndGlobalSection
EndGlobal
